
Microsoft Visual Studio Solution File, Format Version 12.00
# Visual Studio Version 16
VisualStudioVersion = 16.0.29905.134
MinimumVisualStudioVersion = 10.0.40219.1
Project("{FAE04EC0-301F-11D3-BF4B-00C04F79EFBC}") = "ConsoleListener", "ConsoleListener\ConsoleListener.csproj", "{093A3735-B298-42F9-AB62-7746F3A6CF9C}"
EndProject
Global
	GlobalSection(SolutionConfigurationPlatforms) = preSolution
		Debug|Any CPU = Debug|Any CPU
		Release|Any CPU = Release|Any CPU
	EndGlobalSection
	GlobalSection(ProjectConfigurationPlatforms) = postSolution
		{093A3735-B298-42F9-AB62-7746F3A6CF9C}.Debug|Any CPU.ActiveCfg = Debug|Any CPU
		{093A3735-B298-42F9-AB62-7746F3A6CF9C}.Debug|Any CPU.Build.0 = Debug|Any CPU
		{093A3735-B298-42F9-AB62-7746F3A6CF9C}.Release|Any CPU.ActiveCfg = Release|Any CPU
		{093A3735-B298-42F9-AB62-7746F3A6CF9C}.Release|Any CPU.Build.0 = Release|Any CPU
	EndGlobalSection
	GlobalSection(SolutionProperties) = preSolution
		HideSolutionNode = FALSE
	EndGlobalSection
	GlobalSection(ExtensibilityGlobals) = postSolution
		SolutionGuid = {946C8EE6-61A5-49E0-B273-A71979BEE746}
	EndGlobalSection
EndGlobal
